
Microsoft Visual Studio Solution File, Format Version 12.00
# Visual Studio Version 17
VisualStudioVersion = 17.8.34330.188
MinimumVisualStudioVersion = 10.0.40219.1
Project("{FAE04EC0-301F-11D3-BF4B-00C04F79EFBC}") = "ClassLibrary1", "ClassLibrary1\ClassLibrary1.csproj", "{ED33C96E-B87A-407E-BE36-D3105446538A}"
EndProject
Project("{FAE04EC0-301F-11D3-BF4B-00C04F79EFBC}") = "WpfApp1", "WpfApp1\WpfApp1.csproj", "{C08223DC-1897-4F52-9FCF-7719A035733C}"
EndProject
Global
	GlobalSection(SolutionConfigurationPlatforms) = preSolution
		Debug|Any CPU = Debug|Any CPU
		Release|Any CPU = Release|Any CPU
	EndGlobalSection
	GlobalSection(ProjectConfigurationPlatforms) = postSolution
		{ED33C96E-B87A-407E-BE36-D3105446538A}.Debug|Any CPU.ActiveCfg = Debug|Any CPU
		{ED33C96E-B87A-407E-BE36-D3105446538A}.Debug|Any CPU.Build.0 = Debug|Any CPU
		{ED33C96E-B87A-407E-BE36-D3105446538A}.Release|Any CPU.ActiveCfg = Release|Any CPU
		{ED33C96E-B87A-407E-BE36-D3105446538A}.Release|Any CPU.Build.0 = Release|Any CPU
		{C08223DC-1897-4F52-9FCF-7719A035733C}.Debug|Any CPU.ActiveCfg = Debug|Any CPU
		{C08223DC-1897-4F52-9FCF-7719A035733C}.Debug|Any CPU.Build.0 = Debug|Any CPU
		{C08223DC-1897-4F52-9FCF-7719A035733C}.Release|Any CPU.ActiveCfg = Release|Any CPU
		{C08223DC-1897-4F52-9FCF-7719A035733C}.Release|Any CPU.Build.0 = Release|Any CPU
	EndGlobalSection
	GlobalSection(SolutionProperties) = preSolution
		HideSolutionNode = FALSE
	EndGlobalSection
	GlobalSection(ExtensibilityGlobals) = postSolution
		SolutionGuid = {D07DF8F3-4E0D-409C-BC32-3A29B6763FC9}
	EndGlobalSection
EndGlobal
